
Microsoft Visual Studio Solution File, Format Version 12.00
# Visual Studio Version 17
VisualStudioVersion = 17.0.31903.59
MinimumVisualStudioVersion = 10.0.40219.1
Project("{2150E333-8FDC-42A3-9474-1A3956D46DE8}") = "src", "src", "{498EE76E-55DB-45D8-BE40-78220129A86E}"
EndProject
Project("{FAE04EC0-301F-11D3-BF4B-00C04F79EFBC}") = "Meetopia.Api", "src\Meetopia.Api\Meetopia.Api.csproj", "{AA5013A2-5D99-44AD-AC3D-54F3B7A340B0}"
EndProject
Project("{FAE04EC0-301F-11D3-BF4B-00C04F79EFBC}") = "Meetopia.Application", "src\Meetopia.Application\Meetopia.Application.csproj", "{DE69AB41-7299-4E3D-8B00-43FEE3D7C33B}"
EndProject
Project("{FAE04EC0-301F-11D3-BF4B-00C04F79EFBC}") = "Meetopia.Infrastructure", "src\Meetopia.Infrastructure\Meetopia.Infrastructure.csproj", "{EE68AB8C-A07F-4524-8243-272D28126BB0}"
EndProject
Project("{FAE04EC0-301F-11D3-BF4B-00C04F79EFBC}") = "Meetopia.Domain", "src\Meetopia.Domain\Meetopia.Domain.csproj", "{902F1010-DC77-4BF4-BB47-8F22C836F04C}"
EndProject
Project("{2150E333-8FDC-42A3-9474-1A3956D46DE8}") = "tests", "tests", "{F1DB7FFE-4E32-4772-81D6-1338837FF295}"
EndProject
Project("{FAE04EC0-301F-11D3-BF4B-00C04F79EFBC}") = "Meetopia.Domain.Tests", "tests\Meetopia.Domain.Tests\Meetopia.Domain.Tests.csproj", "{165D1FDB-AF3D-465A-93E7-20873E809644}"
EndProject
Project("{FAE04EC0-301F-11D3-BF4B-00C04F79EFBC}") = "Meetopia.Application.Tests", "tests\Meetopia.Application.Tests\Meetopia.Application.Tests.csproj", "{3379D9D3-18F4-4D58-B419-2D39D3A62C8F}"
EndProject
Project("{FAE04EC0-301F-11D3-BF4B-00C04F79EFBC}") = "Meetopia.Api.Tests", "tests\Meetopia.Api.Tests\Meetopia.Api.Tests.csproj", "{FD2F60BB-4EA3-4BBE-A5A5-8EC93703862C}"
EndProject
Project("{FAE04EC0-301F-11D3-BF4B-00C04F79EFBC}") = "Meetopia.Infrastructure.Tests", "tests\Meetopia.Infrastructure.Tests\Meetopia.Infrastructure.Tests.csproj", "{7AB5BAC1-F4C4-4DDD-9C52-0CF82A50C7B8}"
EndProject
Global
	GlobalSection(SolutionConfigurationPlatforms) = preSolution
		Debug|Any CPU = Debug|Any CPU
		Release|Any CPU = Release|Any CPU
	EndGlobalSection
	GlobalSection(SolutionProperties) = preSolution
		HideSolutionNode = FALSE
	EndGlobalSection
	GlobalSection(ProjectConfigurationPlatforms) = postSolution
		{AA5013A2-5D99-44AD-AC3D-54F3B7A340B0}.Debug|Any CPU.ActiveCfg = Debug|Any CPU
		{AA5013A2-5D99-44AD-AC3D-54F3B7A340B0}.Debug|Any CPU.Build.0 = Debug|Any CPU
		{AA5013A2-5D99-44AD-AC3D-54F3B7A340B0}.Release|Any CPU.ActiveCfg = Release|Any CPU
		{AA5013A2-5D99-44AD-AC3D-54F3B7A340B0}.Release|Any CPU.Build.0 = Release|Any CPU
		{DE69AB41-7299-4E3D-8B00-43FEE3D7C33B}.Debug|Any CPU.ActiveCfg = Debug|Any CPU
		{DE69AB41-7299-4E3D-8B00-43FEE3D7C33B}.Debug|Any CPU.Build.0 = Debug|Any CPU
		{DE69AB41-7299-4E3D-8B00-43FEE3D7C33B}.Release|Any CPU.ActiveCfg = Release|Any CPU
		{DE69AB41-7299-4E3D-8B00-43FEE3D7C33B}.Release|Any CPU.Build.0 = Release|Any CPU
		{EE68AB8C-A07F-4524-8243-272D28126BB0}.Debug|Any CPU.ActiveCfg = Debug|Any CPU
		{EE68AB8C-A07F-4524-8243-272D28126BB0}.Debug|Any CPU.Build.0 = Debug|Any CPU
		{EE68AB8C-A07F-4524-8243-272D28126BB0}.Release|Any CPU.ActiveCfg = Release|Any CPU
		{EE68AB8C-A07F-4524-8243-272D28126BB0}.Release|Any CPU.Build.0 = Release|Any CPU
		{902F1010-DC77-4BF4-BB47-8F22C836F04C}.Debug|Any CPU.ActiveCfg = Debug|Any CPU
		{902F1010-DC77-4BF4-BB47-8F22C836F04C}.Debug|Any CPU.Build.0 = Debug|Any CPU
		{902F1010-DC77-4BF4-BB47-8F22C836F04C}.Release|Any CPU.ActiveCfg = Release|Any CPU
		{902F1010-DC77-4BF4-BB47-8F22C836F04C}.Release|Any CPU.Build.0 = Release|Any CPU
		{165D1FDB-AF3D-465A-93E7-20873E809644}.Debug|Any CPU.ActiveCfg = Debug|Any CPU
		{165D1FDB-AF3D-465A-93E7-20873E809644}.Debug|Any CPU.Build.0 = Debug|Any CPU
		{165D1FDB-AF3D-465A-93E7-20873E809644}.Release|Any CPU.ActiveCfg = Release|Any CPU
		{165D1FDB-AF3D-465A-93E7-20873E809644}.Release|Any CPU.Build.0 = Release|Any CPU
		{3379D9D3-18F4-4D58-B419-2D39D3A62C8F}.Debug|Any CPU.ActiveCfg = Debug|Any CPU
		{3379D9D3-18F4-4D58-B419-2D39D3A62C8F}.Debug|Any CPU.Build.0 = Debug|Any CPU
		{3379D9D3-18F4-4D58-B419-2D39D3A62C8F}.Release|Any CPU.ActiveCfg = Release|Any CPU
		{3379D9D3-18F4-4D58-B419-2D39D3A62C8F}.Release|Any CPU.Build.0 = Release|Any CPU
		{FD2F60BB-4EA3-4BBE-A5A5-8EC93703862C}.Debug|Any CPU.ActiveCfg = Debug|Any CPU
		{FD2F60BB-4EA3-4BBE-A5A5-8EC93703862C}.Debug|Any CPU.Build.0 = Debug|Any CPU
		{FD2F60BB-4EA3-4BBE-A5A5-8EC93703862C}.Release|Any CPU.ActiveCfg = Release|Any CPU
		{FD2F60BB-4EA3-4BBE-A5A5-8EC93703862C}.Release|Any CPU.Build.0 = Release|Any CPU
		{7AB5BAC1-F4C4-4DDD-9C52-0CF82A50C7B8}.Debug|Any CPU.ActiveCfg = Debug|Any CPU
		{7AB5BAC1-F4C4-4DDD-9C52-0CF82A50C7B8}.Debug|Any CPU.Build.0 = Debug|Any CPU
		{7AB5BAC1-F4C4-4DDD-9C52-0CF82A50C7B8}.Release|Any CPU.ActiveCfg = Release|Any CPU
		{7AB5BAC1-F4C4-4DDD-9C52-0CF82A50C7B8}.Release|Any CPU.Build.0 = Release|Any CPU
	EndGlobalSection
	GlobalSection(NestedProjects) = preSolution
		{AA5013A2-5D99-44AD-AC3D-54F3B7A340B0} = {498EE76E-55DB-45D8-BE40-78220129A86E}
		{DE69AB41-7299-4E3D-8B00-43FEE3D7C33B} = {498EE76E-55DB-45D8-BE40-78220129A86E}
		{EE68AB8C-A07F-4524-8243-272D28126BB0} = {498EE76E-55DB-45D8-BE40-78220129A86E}
		{902F1010-DC77-4BF4-BB47-8F22C836F04C} = {498EE76E-55DB-45D8-BE40-78220129A86E}
		{165D1FDB-AF3D-465A-93E7-20873E809644} = {F1DB7FFE-4E32-4772-81D6-1338837FF295}
		{3379D9D3-18F4-4D58-B419-2D39D3A62C8F} = {F1DB7FFE-4E32-4772-81D6-1338837FF295}
		{FD2F60BB-4EA3-4BBE-A5A5-8EC93703862C} = {F1DB7FFE-4E32-4772-81D6-1338837FF295}
		{7AB5BAC1-F4C4-4DDD-9C52-0CF82A50C7B8} = {F1DB7FFE-4E32-4772-81D6-1338837FF295}
	EndGlobalSection
EndGlobal
